
Microsoft Visual Studio Solution File, Format Version 12.00
# Visual Studio Version 17
VisualStudioVersion = 17.3.32929.385
MinimumVisualStudioVersion = 10.0.40219.1
Project("{FAE04EC0-301F-11D3-BF4B-00C04F79EFBC}") = "FootballLeagueTable", "FootballLeagueTable\FootballLeagueTable.csproj", "{B72EEF0F-AC82-494A-B144-12A01788D459}"
EndProject
Global
	GlobalSection(SolutionConfigurationPlatforms) = preSolution
		Debug|Any CPU = Debug|Any CPU
		Release|Any CPU = Release|Any CPU
	EndGlobalSection
	GlobalSection(ProjectConfigurationPlatforms) = postSolution
		{B72EEF0F-AC82-494A-B144-12A01788D459}.Debug|Any CPU.ActiveCfg = Debug|Any CPU
		{B72EEF0F-AC82-494A-B144-12A01788D459}.Debug|Any CPU.Build.0 = Debug|Any CPU
		{B72EEF0F-AC82-494A-B144-12A01788D459}.Release|Any CPU.ActiveCfg = Release|Any CPU
		{B72EEF0F-AC82-494A-B144-12A01788D459}.Release|Any CPU.Build.0 = Release|Any CPU
	EndGlobalSection
	GlobalSection(SolutionProperties) = preSolution
		HideSolutionNode = FALSE
	EndGlobalSection
	GlobalSection(ExtensibilityGlobals) = postSolution
		SolutionGuid = {28909ADB-4B85-4624-AF75-9D8A8AB6AEC1}
	EndGlobalSection
EndGlobal
